// !$*UTF8*$!
{
	archiveVersion = 1;
	classes = {
	};
	objectVersion = 56;
	objects = {

/* Begin PBXBuildFile section */
		3462CA162ADA7232004F22F8 /* XOXGameViewModel.swift in Sources */ = {isa = PBXBuildFile; fileRef = 3462CA152ADA7232004F22F8 /* XOXGameViewModel.swift */; };
		3462CA182ADAA048004F22F8 /* XOXGameView.swift in Sources */ = {isa = PBXBuildFile; fileRef = 3462CA172ADAA048004F22F8 /* XOXGameView.swift */; };
		3462CA1A2ADAA07B004F22F8 /* XOXBlockView.swift in Sources */ = {isa = PBXBuildFile; fileRef = 3462CA192ADAA07B004F22F8 /* XOXBlockView.swift */; };
		3462CA1C2ADAA4E7004F22F8 /* APIFetcher.swift in Sources */ = {isa = PBXBuildFile; fileRef = 3462CA1B2ADAA4E7004F22F8 /* APIFetcher.swift */; };
		3462CA1E2ADAA92F004F22F8 /* QuoteModel.swift in Sources */ = {isa = PBXBuildFile; fileRef = 3462CA1D2ADAA92F004F22F8 /* QuoteModel.swift */; };
		3462CA212ADAAA55004F22F8 /* QuotesViewModel.swift in Sources */ = {isa = PBXBuildFile; fileRef = 3462CA202ADAAA55004F22F8 /* QuotesViewModel.swift */; };
		3462CA232ADAAA66004F22F8 /* QuotesView.swift in Sources */ = {isa = PBXBuildFile; fileRef = 3462CA222ADAAA66004F22F8 /* QuotesView.swift */; };
		3462CA2C2ADAD806004F22F8 /* FingerPaint-Regular.ttf in Resources */ = {isa = PBXBuildFile; fileRef = 3462CA2B2ADAD806004F22F8 /* FingerPaint-Regular.ttf */; };
		34810BCC2AD435B8005FE55A /* XOXApp.swift in Sources */ = {isa = PBXBuildFile; fileRef = 34810BCB2AD435B8005FE55A /* XOXApp.swift */; };
		34810BCE2AD435B8005FE55A /* ContentView.swift in Sources */ = {isa = PBXBuildFile; fileRef = 34810BCD2AD435B8005FE55A /* ContentView.swift */; };
		34810BD02AD435B9005FE55A /* Assets.xcassets in Resources */ = {isa = PBXBuildFile; fileRef = 34810BCF2AD435B9005FE55A /* Assets.xcassets */; };
		34810BD32AD435B9005FE55A /* Preview Assets.xcassets in Resources */ = {isa = PBXBuildFile; fileRef = 34810BD22AD435B9005FE55A /* Preview Assets.xcassets */; };
		34810BDA2AD43604005FE55A /* XOXGame.swift in Sources */ = {isa = PBXBuildFile; fileRef = 34810BD92AD43604005FE55A /* XOXGame.swift */; };
		5077A8BB2ADD1D3600F45E74 /* ConfigView.swift in Sources */ = {isa = PBXBuildFile; fileRef = 5077A8BA2ADD1D3600F45E74 /* ConfigView.swift */; };
/* End PBXBuildFile section */

/* Begin PBXFileReference section */
		3462CA152ADA7232004F22F8 /* XOXGameViewModel.swift */ = {isa = PBXFileReference; lastKnownFileType = sourcecode.swift; path = XOXGameViewModel.swift; sourceTree = "<group>"; };
		3462CA172ADAA048004F22F8 /* XOXGameView.swift */ = {isa = PBXFileReference; lastKnownFileType = sourcecode.swift; path = XOXGameView.swift; sourceTree = "<group>"; };
		3462CA192ADAA07B004F22F8 /* XOXBlockView.swift */ = {isa = PBXFileReference; lastKnownFileType = sourcecode.swift; path = XOXBlockView.swift; sourceTree = "<group>"; };
		3462CA1B2ADAA4E7004F22F8 /* APIFetcher.swift */ = {isa = PBXFileReference; lastKnownFileType = sourcecode.swift; path = APIFetcher.swift; sourceTree = "<group>"; };
		3462CA1D2ADAA92F004F22F8 /* QuoteModel.swift */ = {isa = PBXFileReference; lastKnownFileType = sourcecode.swift; path = QuoteModel.swift; sourceTree = "<group>"; };
		3462CA202ADAAA55004F22F8 /* QuotesViewModel.swift */ = {isa = PBXFileReference; lastKnownFileType = sourcecode.swift; path = QuotesViewModel.swift; sourceTree = "<group>"; };
		3462CA222ADAAA66004F22F8 /* QuotesView.swift */ = {isa = PBXFileReference; lastKnownFileType = sourcecode.swift; path = QuotesView.swift; sourceTree = "<group>"; };
		3462CA252ADACB32004F22F8 /* Info.plist */ = {isa = PBXFileReference; lastKnownFileType = text.plist; path = Info.plist; sourceTree = "<group>"; };
		3462CA2B2ADAD806004F22F8 /* FingerPaint-Regular.ttf */ = {isa = PBXFileReference; lastKnownFileType = file; path = "FingerPaint-Regular.ttf"; sourceTree = "<group>"; };
		34810BC82AD435B8005FE55A /* XOX.app */ = {isa = PBXFileReference; explicitFileType = wrapper.application; includeInIndex = 0; path = XOX.app; sourceTree = BUILT_PRODUCTS_DIR; };
		34810BCB2AD435B8005FE55A /* XOXApp.swift */ = {isa = PBXFileReference; lastKnownFileType = sourcecode.swift; path = XOXApp.swift; sourceTree = "<group>"; };
		34810BCD2AD435B8005FE55A /* ContentView.swift */ = {isa = PBXFileReference; lastKnownFileType = sourcecode.swift; path = ContentView.swift; sourceTree = "<group>"; };
		34810BCF2AD435B9005FE55A /* Assets.xcassets */ = {isa = PBXFileReference; lastKnownFileType = folder.assetcatalog; path = Assets.xcassets; sourceTree = "<group>"; };
		34810BD22AD435B9005FE55A /* Preview Assets.xcassets */ = {isa = PBXFileReference; lastKnownFileType = folder.assetcatalog; path = "Preview Assets.xcassets"; sourceTree = "<group>"; };
		34810BD92AD43604005FE55A /* XOXGame.swift */ = {isa = PBXFileReference; lastKnownFileType = sourcecode.swift; path = XOXGame.swift; sourceTree = "<group>"; };
		5077A8BA2ADD1D3600F45E74 /* ConfigView.swift */ = {isa = PBXFileReference; lastKnownFileType = sourcecode.swift; path = ConfigView.swift; sourceTree = "<group>"; };
/* End PBXFileReference section */

/* Begin PBXFrameworksBuildPhase section */
		34810BC52AD435B8005FE55A /* Frameworks */ = {
			isa = PBXFrameworksBuildPhase;
			buildActionMask = 2147483647;
			files = (
			);
			runOnlyForDeploymentPostprocessing = 0;
		};
/* End PBXFrameworksBuildPhase section */

/* Begin PBXGroup section */
		3462CA1F2ADAAA1A004F22F8 /* XOXGame */ = {
			isa = PBXGroup;
			children = (
				3462CA172ADAA048004F22F8 /* XOXGameView.swift */,
				3462CA192ADAA07B004F22F8 /* XOXBlockView.swift */,
				3462CA152ADA7232004F22F8 /* XOXGameViewModel.swift */,
				34810BD92AD43604005FE55A /* XOXGame.swift */,
			);
			path = XOXGame;
			sourceTree = "<group>";
		};
		3462CA242ADAC84F004F22F8 /* Quotes */ = {
			isa = PBXGroup;
			children = (
				3462CA222ADAAA66004F22F8 /* QuotesView.swift */,
				3462CA202ADAAA55004F22F8 /* QuotesViewModel.swift */,
				3462CA1D2ADAA92F004F22F8 /* QuoteModel.swift */,
			);
			path = Quotes;
			sourceTree = "<group>";
		};
		3462CA282ADAD799004F22F8 /* Fonts */ = {
			isa = PBXGroup;
			children = (
				3462CA2B2ADAD806004F22F8 /* FingerPaint-Regular.ttf */,
			);
			path = Fonts;
			sourceTree = "<group>";
		};
		34810BBF2AD435B8005FE55A = {
			isa = PBXGroup;
			children = (
				34810BCA2AD435B8005FE55A /* XOX */,
				34810BC92AD435B8005FE55A /* Products */,
			);
			sourceTree = "<group>";
		};
		34810BC92AD435B8005FE55A /* Products */ = {
			isa = PBXGroup;
			children = (
				34810BC82AD435B8005FE55A /* XOX.app */,
			);
			name = Products;
			sourceTree = "<group>";
		};
		34810BCA2AD435B8005FE55A /* XOX */ = {
			isa = PBXGroup;
			children = (
				3462CA252ADACB32004F22F8 /* Info.plist */,
				34810BCB2AD435B8005FE55A /* XOXApp.swift */,
				34810BCD2AD435B8005FE55A /* ContentView.swift */,
				3462CA282ADAD799004F22F8 /* Fonts */,
				3462CA1F2ADAAA1A004F22F8 /* XOXGame */,
				3462CA1B2ADAA4E7004F22F8 /* APIFetcher.swift */,
				5077A8BA2ADD1D3600F45E74 /* ConfigView.swift */,
				3462CA242ADAC84F004F22F8 /* Quotes */,
				34810BCF2AD435B9005FE55A /* Assets.xcassets */,
				34810BD12AD435B9005FE55A /* Preview Content */,
			);
			path = XOX;
			sourceTree = "<group>";
		};
		34810BD12AD435B9005FE55A /* Preview Content */ = {
			isa = PBXGroup;
			children = (
				34810BD22AD435B9005FE55A /* Preview Assets.xcassets */,
			);
			path = "Preview Content";
			sourceTree = "<group>";
		};
/* End PBXGroup section */

/* Begin PBXNativeTarget section */
		34810BC72AD435B8005FE55A /* XOX */ = {
			isa = PBXNativeTarget;
			buildConfigurationList = 34810BD62AD435B9005FE55A /* Build configuration list for PBXNativeTarget "XOX" */;
			buildPhases = (
				34810BC42AD435B8005FE55A /* Sources */,
				34810BC52AD435B8005FE55A /* Frameworks */,
				34810BC62AD435B8005FE55A /* Resources */,
			);
			buildRules = (
			);
			dependencies = (
			);
			name = XOX;
			productName = XOX;
			productReference = 34810BC82AD435B8005FE55A /* XOX.app */;
			productType = "com.apple.product-type.application";
		};
/* End PBXNativeTarget section */

/* Begin PBXProject section */
		34810BC02AD435B8005FE55A /* Project object */ = {
			isa = PBXProject;
			attributes = {
				BuildIndependentTargetsInParallel = 1;
				LastSwiftUpdateCheck = 1500;
				LastUpgradeCheck = 1500;
				TargetAttributes = {
					34810BC72AD435B8005FE55A = {
						CreatedOnToolsVersion = 15.0;
					};
				};
			};
			buildConfigurationList = 34810BC32AD435B8005FE55A /* Build configuration list for PBXProject "XOX" */;
			compatibilityVersion = "Xcode 13.0";
			developmentRegion = en;
			hasScannedForEncodings = 0;
			knownRegions = (
				en,
				Base,
			);
			mainGroup = 34810BBF2AD435B8005FE55A;
			productRefGroup = 34810BC92AD435B8005FE55A /* Products */;
			projectDirPath = "";
			projectRoot = "";
			targets = (
				34810BC72AD435B8005FE55A /* XOX */,
			);
		};
/* End PBXProject section */

/* Begin PBXResourcesBuildPhase section */
		34810BC62AD435B8005FE55A /* Resources */ = {
			isa = PBXResourcesBuildPhase;
			buildActionMask = 2147483647;
			files = (
				3462CA2C2ADAD806004F22F8 /* FingerPaint-Regular.ttf in Resources */,
				34810BD32AD435B9005FE55A /* Preview Assets.xcassets in Resources */,
				34810BD02AD435B9005FE55A /* Assets.xcassets in Resources */,
			);
			runOnlyForDeploymentPostprocessing = 0;
		};
/* End PBXResourcesBuildPhase section */

/* Begin PBXSourcesBuildPhase section */
		34810BC42AD435B8005FE55A /* Sources */ = {
			isa = PBXSourcesBuildPhase;
			buildActionMask = 2147483647;
			files = (
				3462CA1C2ADAA4E7004F22F8 /* APIFetcher.swift in Sources */,
				3462CA212ADAAA55004F22F8 /* QuotesViewModel.swift in Sources */,
				3462CA1A2ADAA07B004F22F8 /* XOXBlockView.swift in Sources */,
				3462CA1E2ADAA92F004F22F8 /* QuoteModel.swift in Sources */,
				5077A8BB2ADD1D3600F45E74 /* ConfigView.swift in Sources */,
				34810BCE2AD435B8005FE55A /* ContentView.swift in Sources */,
				34810BCC2AD435B8005FE55A /* XOXApp.swift in Sources */,
				3462CA162ADA7232004F22F8 /* XOXGameViewModel.swift in Sources */,
				3462CA182ADAA048004F22F8 /* XOXGameView.swift in Sources */,
				34810BDA2AD43604005FE55A /* XOXGame.swift in Sources */,
				3462CA232ADAAA66004F22F8 /* QuotesView.swift in Sources */,
			);
			runOnlyForDeploymentPostprocessing = 0;
		};
/* End PBXSourcesBuildPhase section */

/* Begin XCBuildConfiguration section */
		34810BD42AD435B9005FE55A /* Debug */ = {
			isa = XCBuildConfiguration;
			buildSettings = {
				ALWAYS_SEARCH_USER_PATHS = NO;
				ASSETCATALOG_COMPILER_GENERATE_SWIFT_ASSET_SYMBOL_EXTENSIONS = YES;
				CLANG_ANALYZER_NONNULL = YES;
				CLANG_ANALYZER_NUMBER_OBJECT_CONVERSION = YES_AGGRESSIVE;
				CLANG_CXX_LANGUAGE_STANDARD = "gnu++20";
				CLANG_ENABLE_MODULES = YES;
				CLANG_ENABLE_OBJC_ARC = YES;
				CLANG_ENABLE_OBJC_WEAK = YES;
				CLANG_WARN_BLOCK_CAPTURE_AUTORELEASING = YES;
				CLANG_WARN_BOOL_CONVERSION = YES;
				CLANG_WARN_COMMA = YES;
				CLANG_WARN_CONSTANT_CONVERSION = YES;
				CLANG_WARN_DEPRECATED_OBJC_IMPLEMENTATIONS = YES;
				CLANG_WARN_DIRECT_OBJC_ISA_USAGE = YES_ERROR;
				CLANG_WARN_DOCUMENTATION_COMMENTS = YES;
				CLANG_WARN_EMPTY_BODY = YES;
				CLANG_WARN_ENUM_CONVERSION = YES;
				CLANG_WARN_INFINITE_RECURSION = YES;
				CLANG_WARN_INT_CONVERSION = YES;
				CLANG_WARN_NON_LITERAL_NULL_CONVERSION = YES;
				CLANG_WARN_OBJC_IMPLICIT_RETAIN_SELF = YES;
				CLANG_WARN_OBJC_LITERAL_CONVERSION = YES;
				CLANG_WARN_OBJC_ROOT_CLASS = YES_ERROR;
				CLANG_WARN_QUOTED_INCLUDE_IN_FRAMEWORK_HEADER = YES;
				CLANG_WARN_RANGE_LOOP_ANALYSIS = YES;
				CLANG_WARN_STRICT_PROTOTYPES = YES;
				CLANG_WARN_SUSPICIOUS_MOVE = YES;
				CLANG_WARN_UNGUARDED_AVAILABILITY = YES_AGGRESSIVE;
				CLANG_WARN_UNREACHABLE_CODE = YES;
				CLANG_WARN__DUPLICATE_METHOD_MATCH = YES;
				COPY_PHASE_STRIP = NO;
				DEBUG_INFORMATION_FORMAT = dwarf;
				ENABLE_STRICT_OBJC_MSGSEND = YES;
				ENABLE_TESTABILITY = YES;
				ENABLE_USER_SCRIPT_SANDBOXING = YES;
				GCC_C_LANGUAGE_STANDARD = gnu17;
				GCC_DYNAMIC_NO_PIC = NO;
				GCC_NO_COMMON_BLOCKS = YES;
				GCC_OPTIMIZATION_LEVEL = 0;
				GCC_PREPROCESSOR_DEFINITIONS = (
					"DEBUG=1",
					"$(inherited)",
				);
				GCC_WARN_64_TO_32_BIT_CONVERSION = YES;
				GCC_WARN_ABOUT_RETURN_TYPE = YES_ERROR;
				GCC_WARN_UNDECLARED_SELECTOR = YES;
				GCC_WARN_UNINITIALIZED_AUTOS = YES_AGGRESSIVE;
				GCC_WARN_UNUSED_FUNCTION = YES;
				GCC_WARN_UNUSED_VARIABLE = YES;
				IPHONEOS_DEPLOYMENT_TARGET = 13.0;
				LOCALIZATION_PREFERS_STRING_CATALOGS = YES;
				MTL_ENABLE_DEBUG_INFO = INCLUDE_SOURCE;
				MTL_FAST_MATH = YES;
				ONLY_ACTIVE_ARCH = YES;
				SDKROOT = iphoneos;
				SWIFT_ACTIVE_COMPILATION_CONDITIONS = "DEBUG $(inherited)";
				SWIFT_OPTIMIZATION_LEVEL = "-Onone";
			};
			name = Debug;
		};
		34810BD52AD435B9005FE55A /* Release */ = {
			isa = XCBuildConfiguration;
			buildSettings = {
				ALWAYS_SEARCH_USER_PATHS = NO;
				ASSETCATALOG_COMPILER_GENERATE_SWIFT_ASSET_SYMBOL_EXTENSIONS = YES;
				CLANG_ANALYZER_NONNULL = YES;
				CLANG_ANALYZER_NUMBER_OBJECT_CONVERSION = YES_AGGRESSIVE;
				CLANG_CXX_LANGUAGE_STANDARD = "gnu++20";
				CLANG_ENABLE_MODULES = YES;
				CLANG_ENABLE_OBJC_ARC = YES;
				CLANG_ENABLE_OBJC_WEAK = YES;
				CLANG_WARN_BLOCK_CAPTURE_AUTORELEASING = YES;
				CLANG_WARN_BOOL_CONVERSION = YES;
				CLANG_WARN_COMMA = YES;
				CLANG_WARN_CONSTANT_CONVERSION = YES;
				CLANG_WARN_DEPRECATED_OBJC_IMPLEMENTATIONS = YES;
				CLANG_WARN_DIRECT_OBJC_ISA_USAGE = YES_ERROR;
				CLANG_WARN_DOCUMENTATION_COMMENTS = YES;
				CLANG_WARN_EMPTY_BODY = YES;
				CLANG_WARN_ENUM_CONVERSION = YES;
				CLANG_WARN_INFINITE_RECURSION = YES;
				CLANG_WARN_INT_CONVERSION = YES;
				CLANG_WARN_NON_LITERAL_NULL_CONVERSION = YES;
				CLANG_WARN_OBJC_IMPLICIT_RETAIN_SELF = YES;
				CLANG_WARN_OBJC_LITERAL_CONVERSION = YES;
				CLANG_WARN_OBJC_ROOT_CLASS = YES_ERROR;
				CLANG_WARN_QUOTED_INCLUDE_IN_FRAMEWORK_HEADER = YES;
				CLANG_WARN_RANGE_LOOP_ANALYSIS = YES;
				CLANG_WARN_STRICT_PROTOTYPES = YES;
				CLANG_WARN_SUSPICIOUS_MOVE = YES;
				CLANG_WARN_UNGUARDED_AVAILABILITY = YES_AGGRESSIVE;
				CLANG_WARN_UNREACHABLE_CODE = YES;
				CLANG_WARN__DUPLICATE_METHOD_MATCH = YES;
				COPY_PHASE_STRIP = NO;
				DEBUG_INFORMATION_FORMAT = "dwarf-with-dsym";
				ENABLE_NS_ASSERTIONS = NO;
				ENABLE_STRICT_OBJC_MSGSEND = YES;
				ENABLE_USER_SCRIPT_SANDBOXING = YES;
				GCC_C_LANGUAGE_STANDARD = gnu17;
				GCC_NO_COMMON_BLOCKS = YES;
				GCC_WARN_64_TO_32_BIT_CONVERSION = YES;
				GCC_WARN_ABOUT_RETURN_TYPE = YES_ERROR;
				GCC_WARN_UNDECLARED_SELECTOR = YES;
				GCC_WARN_UNINITIALIZED_AUTOS = YES_AGGRESSIVE;
				GCC_WARN_UNUSED_FUNCTION = YES;
				GCC_WARN_UNUSED_VARIABLE = YES;
				IPHONEOS_DEPLOYMENT_TARGET = 13.0;
				LOCALIZATION_PREFERS_STRING_CATALOGS = YES;
				MTL_ENABLE_DEBUG_INFO = NO;
				MTL_FAST_MATH = YES;
				SDKROOT = iphoneos;
				SWIFT_COMPILATION_MODE = wholemodule;
				VALIDATE_PRODUCT = YES;
			};
			name = Release;
		};
		34810BD72AD435B9005FE55A /* Debug */ = {
			isa = XCBuildConfiguration;
			buildSettings = {
				ASSETCATALOG_COMPILER_APPICON_NAME = AppIcon;
				ASSETCATALOG_COMPILER_GLOBAL_ACCENT_COLOR_NAME = AccentColor;
				ASSETCATALOG_COMPILER_INCLUDE_ALL_APPICON_ASSETS = YES;
				CODE_SIGN_STYLE = Automatic;
				CURRENT_PROJECT_VERSION = 1;
				DEVELOPMENT_ASSET_PATHS = "\"XOX/Preview Content\"";
				DEVELOPMENT_TEAM = YB2QWCYR88;
				ENABLE_PREVIEWS = YES;
				GENERATE_INFOPLIST_FILE = YES;
				INFOPLIST_FILE = XOX/Info.plist;
				INFOPLIST_KEY_LSApplicationCategoryType = "";
				INFOPLIST_KEY_UIApplicationSceneManifest_Generation = YES;
				INFOPLIST_KEY_UIApplicationSupportsIndirectInputEvents = YES;
				INFOPLIST_KEY_UILaunchStoryboardName = "Launch Screen.storyboard";
				INFOPLIST_KEY_UISupportedInterfaceOrientations = "UIInterfaceOrientationPortrait UIInterfaceOrientationPortraitUpsideDown";
				INFOPLIST_KEY_UISupportedInterfaceOrientations_iPad = "UIInterfaceOrientationLandscapeLeft UIInterfaceOrientationLandscapeRight UIInterfaceOrientationPortrait UIInterfaceOrientationPortraitUpsideDown";
				IPHONEOS_DEPLOYMENT_TARGET = 15.0;
				LD_RUNPATH_SEARCH_PATHS = (
					"$(inherited)",
					"@executable_path/Frameworks",
				);
				MARKETING_VERSION = 1.0;
				PRODUCT_BUNDLE_IDENTIFIER = com.dekideks.XOX;
				PRODUCT_NAME = "$(TARGET_NAME)";
				SWIFT_EMIT_LOC_STRINGS = YES;
				SWIFT_VERSION = 5.0;
				TARGETED_DEVICE_FAMILY = "1,2";
			};
			name = Debug;
		};
		34810BD82AD435B9005FE55A /* Release */ = {
			isa = XCBuildConfiguration;
			buildSettings = {
				ASSETCATALOG_COMPILER_APPICON_NAME = AppIcon;
				ASSETCATALOG_COMPILER_GLOBAL_ACCENT_COLOR_NAME = AccentColor;
				ASSETCATALOG_COMPILER_INCLUDE_ALL_APPICON_ASSETS = YES;
				CODE_SIGN_STYLE = Automatic;
				CURRENT_PROJECT_VERSION = 1;
				DEVELOPMENT_ASSET_PATHS = "\"XOX/Preview Content\"";
				DEVELOPMENT_TEAM = YB2QWCYR88;
				ENABLE_PREVIEWS = YES;
				GENERATE_INFOPLIST_FILE = YES;
				INFOPLIST_FILE = XOX/Info.plist;
				INFOPLIST_KEY_LSApplicationCategoryType = "";
				INFOPLIST_KEY_UIApplicationSceneManifest_Generation = YES;
				INFOPLIST_KEY_UIApplicationSupportsIndirectInputEvents = YES;
				INFOPLIST_KEY_UILaunchStoryboardName = "Launch Screen.storyboard";
				INFOPLIST_KEY_UISupportedInterfaceOrientations = "UIInterfaceOrientationPortrait UIInterfaceOrientationPortraitUpsideDown";
				INFOPLIST_KEY_UISupportedInterfaceOrientations_iPad = "UIInterfaceOrientationLandscapeLeft UIInterfaceOrientationLandscapeRight UIInterfaceOrientationPortrait UIInterfaceOrientationPortraitUpsideDown";
				IPHONEOS_DEPLOYMENT_TARGET = 15.0;
				LD_RUNPATH_SEARCH_PATHS = (
					"$(inherited)",
					"@executable_path/Frameworks",
				);
				MARKETING_VERSION = 1.0;
				PRODUCT_BUNDLE_IDENTIFIER = com.dekideks.XOX;
				PRODUCT_NAME = "$(TARGET_NAME)";
				SWIFT_EMIT_LOC_STRINGS = YES;
				SWIFT_VERSION = 5.0;
				TARGETED_DEVICE_FAMILY = "1,2";
			};
			name = Release;
		};
/* End XCBuildConfiguration section */

/* Begin XCConfigurationList section */
		34810BC32AD435B8005FE55A /* Build configuration list for PBXProject "XOX" */ = {
			isa = XCConfigurationList;
			buildConfigurations = (
				34810BD42AD435B9005FE55A /* Debug */,
				34810BD52AD435B9005FE55A /* Release */,
			);
			defaultConfigurationIsVisible = 0;
			defaultConfigurationName = Release;
		};
		34810BD62AD435B9005FE55A /* Build configuration list for PBXNativeTarget "XOX" */ = {
			isa = XCConfigurationList;
			buildConfigurations = (
				34810BD72AD435B9005FE55A /* Debug */,
				34810BD82AD435B9005FE55A /* Release */,
			);
			defaultConfigurationIsVisible = 0;
			defaultConfigurationName = Release;
		};
/* End XCConfigurationList section */
	};
	rootObject = 34810BC02AD435B8005FE55A /* Project object */;
}
